
Microsoft Visual Studio Solution File, Format Version 12.00
# Visual Studio Version 16
VisualStudioVersion = 16.0.30907.101
MinimumVisualStudioVersion = 10.0.40219.1
Project("{9A19103F-16F7-4668-BE54-9A1E7A4F7556}") = "KampIntro", "KampIntro\KampIntro.csproj", "{11206BFD-EF99-4962-AD16-A2CA446EFE09}"
EndProject
Project("{9A19103F-16F7-4668-BE54-9A1E7A4F7556}") = "Donguler", "Donguler\Donguler.csproj", "{B8708BD8-A3DC-40B8-9D7E-D915C295F9AA}"
EndProject
Project("{9A19103F-16F7-4668-BE54-9A1E7A4F7556}") = "ClassIntro", "ClassIntro\ClassIntro.csproj", "{09865882-8051-4F4F-A868-C8A420283BC7}"
EndProject
Project("{9A19103F-16F7-4668-BE54-9A1E7A4F7556}") = "Metotlar", "Metotlar\Metotlar.csproj", "{34C4ACFC-B6C7-492A-BEE6-63E7A4BB7A90}"
EndProject
Project("{9A19103F-16F7-4668-BE54-9A1E7A4F7556}") = "Matematik", "Matematik\Matematik.csproj", "{D2E8FAFC-F0DE-4930-BD23-BC1C806650B3}"
EndProject
Project("{9A19103F-16F7-4668-BE54-9A1E7A4F7556}") = "DegerVeReferansTipler", "DegerVeReferansTipler\DegerVeReferansTipler.csproj", "{2FCCF1F0-5187-49C9-B6B3-E011CF566674}"
EndProject
Project("{9A19103F-16F7-4668-BE54-9A1E7A4F7556}") = "OOP1", "OOP1\OOP1.csproj", "{A30778C8-1BD6-4CB6-9190-BC9A41E4DB49}"
EndProject
Project("{9A19103F-16F7-4668-BE54-9A1E7A4F7556}") = "Koleksiyonlar", "Koleksiyonlar\Koleksiyonlar.csproj", "{B793BC17-BD94-4CBA-9CCE-D2F036C6C9F2}"
EndProject
Project("{9A19103F-16F7-4668-BE54-9A1E7A4F7556}") = "GnericsIntro", "GnericsIntro\GnericsIntro.csproj", "{79244B00-7A5B-4BFF-B148-1487E6EE8556}"
EndProject
Project("{9A19103F-16F7-4668-BE54-9A1E7A4F7556}") = "Constructors", "Constructors\Constructors.csproj", "{1EF987B3-2543-4D29-BAB3-C32E4F52BA3F}"
EndProject
Project("{9A19103F-16F7-4668-BE54-9A1E7A4F7556}") = "MyDictionary", "MyDictionary\MyDictionary.csproj", "{99FC98EF-B7E5-4E09-9D9F-433BF4006A7F}"
EndProject
Project("{9A19103F-16F7-4668-BE54-9A1E7A4F7556}") = "OOP2", "OOP2\OOP2.csproj", "{5490FBEF-5498-4469-97F5-FEDDE3A3DD59}"
EndProject
Project("{9A19103F-16F7-4668-BE54-9A1E7A4F7556}") = "OOP3", "OOP3\OOP3.csproj", "{F92F6BBC-9AD6-4EA1-B9ED-97EA261BDF1D}"
EndProject
Project("{FAE04EC0-301F-11D3-BF4B-00C04F79EFBC}") = "InterfacesDemo", "InterfacesDemo\InterfacesDemo.csproj", "{CB4BB127-5748-4380-80D6-533F462A0451}"
EndProject
Project("{FAE04EC0-301F-11D3-BF4B-00C04F79EFBC}") = "Interfaces", "Interfaces\Interfaces.csproj", "{6C3CC9F3-8A57-453A-8A1A-7E4853A45A58}"
EndProject
Project("{FAE04EC0-301F-11D3-BF4B-00C04F79EFBC}") = "AbstractClasses", "AbstractClasses\AbstractClasses.csproj", "{2D844829-C3F6-453A-9FA6-5B1627936395}"
EndProject
Project("{FAE04EC0-301F-11D3-BF4B-00C04F79EFBC}") = "InterfaceAbstractDemo", "InterfaceAbstractDemo\InterfaceAbstractDemo.csproj", "{BF286988-0ACD-40C0-908B-BB2E9A1D9830}"
EndProject
Project("{2150E333-8FDC-42A3-9474-1A3956D46DE8}") = "Solution Items", "Solution Items", "{B6A522CF-A9D7-4D5A-A009-F93659B4446B}"
	ProjectSection(SolutionItems) = preProject
		.editorconfig = .editorconfig
	EndProjectSection
EndProject
Global
	GlobalSection(SolutionConfigurationPlatforms) = preSolution
		Debug|Any CPU = Debug|Any CPU
		Release|Any CPU = Release|Any CPU
	EndGlobalSection
	GlobalSection(ProjectConfigurationPlatforms) = postSolution
		{11206BFD-EF99-4962-AD16-A2CA446EFE09}.Debug|Any CPU.ActiveCfg = Debug|Any CPU
		{11206BFD-EF99-4962-AD16-A2CA446EFE09}.Debug|Any CPU.Build.0 = Debug|Any CPU
		{11206BFD-EF99-4962-AD16-A2CA446EFE09}.Release|Any CPU.ActiveCfg = Release|Any CPU
		{11206BFD-EF99-4962-AD16-A2CA446EFE09}.Release|Any CPU.Build.0 = Release|Any CPU
		{B8708BD8-A3DC-40B8-9D7E-D915C295F9AA}.Debug|Any CPU.ActiveCfg = Debug|Any CPU
		{B8708BD8-A3DC-40B8-9D7E-D915C295F9AA}.Debug|Any CPU.Build.0 = Debug|Any CPU
		{B8708BD8-A3DC-40B8-9D7E-D915C295F9AA}.Release|Any CPU.ActiveCfg = Release|Any CPU
		{B8708BD8-A3DC-40B8-9D7E-D915C295F9AA}.Release|Any CPU.Build.0 = Release|Any CPU
		{09865882-8051-4F4F-A868-C8A420283BC7}.Debug|Any CPU.ActiveCfg = Debug|Any CPU
		{09865882-8051-4F4F-A868-C8A420283BC7}.Debug|Any CPU.Build.0 = Debug|Any CPU
		{09865882-8051-4F4F-A868-C8A420283BC7}.Release|Any CPU.ActiveCfg = Release|Any CPU
		{09865882-8051-4F4F-A868-C8A420283BC7}.Release|Any CPU.Build.0 = Release|Any CPU
		{34C4ACFC-B6C7-492A-BEE6-63E7A4BB7A90}.Debug|Any CPU.ActiveCfg = Debug|Any CPU
		{34C4ACFC-B6C7-492A-BEE6-63E7A4BB7A90}.Debug|Any CPU.Build.0 = Debug|Any CPU
		{34C4ACFC-B6C7-492A-BEE6-63E7A4BB7A90}.Release|Any CPU.ActiveCfg = Release|Any CPU
		{34C4ACFC-B6C7-492A-BEE6-63E7A4BB7A90}.Release|Any CPU.Build.0 = Release|Any CPU
		{D2E8FAFC-F0DE-4930-BD23-BC1C806650B3}.Debug|Any CPU.ActiveCfg = Debug|Any CPU
		{D2E8FAFC-F0DE-4930-BD23-BC1C806650B3}.Debug|Any CPU.Build.0 = Debug|Any CPU
		{D2E8FAFC-F0DE-4930-BD23-BC1C806650B3}.Release|Any CPU.ActiveCfg = Release|Any CPU
		{D2E8FAFC-F0DE-4930-BD23-BC1C806650B3}.Release|Any CPU.Build.0 = Release|Any CPU
		{2FCCF1F0-5187-49C9-B6B3-E011CF566674}.Debug|Any CPU.ActiveCfg = Debug|Any CPU
		{2FCCF1F0-5187-49C9-B6B3-E011CF566674}.Debug|Any CPU.Build.0 = Debug|Any CPU
		{2FCCF1F0-5187-49C9-B6B3-E011CF566674}.Release|Any CPU.ActiveCfg = Release|Any CPU
		{2FCCF1F0-5187-49C9-B6B3-E011CF566674}.Release|Any CPU.Build.0 = Release|Any CPU
		{A30778C8-1BD6-4CB6-9190-BC9A41E4DB49}.Debug|Any CPU.ActiveCfg = Debug|Any CPU
		{A30778C8-1BD6-4CB6-9190-BC9A41E4DB49}.Debug|Any CPU.Build.0 = Debug|Any CPU
		{A30778C8-1BD6-4CB6-9190-BC9A41E4DB49}.Release|Any CPU.ActiveCfg = Release|Any CPU
		{A30778C8-1BD6-4CB6-9190-BC9A41E4DB49}.Release|Any CPU.Build.0 = Release|Any CPU
		{B793BC17-BD94-4CBA-9CCE-D2F036C6C9F2}.Debug|Any CPU.ActiveCfg = Debug|Any CPU
		{B793BC17-BD94-4CBA-9CCE-D2F036C6C9F2}.Debug|Any CPU.Build.0 = Debug|Any CPU
		{B793BC17-BD94-4CBA-9CCE-D2F036C6C9F2}.Release|Any CPU.ActiveCfg = Release|Any CPU
		{B793BC17-BD94-4CBA-9CCE-D2F036C6C9F2}.Release|Any CPU.Build.0 = Release|Any CPU
		{79244B00-7A5B-4BFF-B148-1487E6EE8556}.Debug|Any CPU.ActiveCfg = Debug|Any CPU
		{79244B00-7A5B-4BFF-B148-1487E6EE8556}.Debug|Any CPU.Build.0 = Debug|Any CPU
		{79244B00-7A5B-4BFF-B148-1487E6EE8556}.Release|Any CPU.ActiveCfg = Release|Any CPU
		{79244B00-7A5B-4BFF-B148-1487E6EE8556}.Release|Any CPU.Build.0 = Release|Any CPU
		{1EF987B3-2543-4D29-BAB3-C32E4F52BA3F}.Debug|Any CPU.ActiveCfg = Debug|Any CPU
		{1EF987B3-2543-4D29-BAB3-C32E4F52BA3F}.Debug|Any CPU.Build.0 = Debug|Any CPU
		{1EF987B3-2543-4D29-BAB3-C32E4F52BA3F}.Release|Any CPU.ActiveCfg = Release|Any CPU
		{1EF987B3-2543-4D29-BAB3-C32E4F52BA3F}.Release|Any CPU.Build.0 = Release|Any CPU
		{99FC98EF-B7E5-4E09-9D9F-433BF4006A7F}.Debug|Any CPU.ActiveCfg = Debug|Any CPU
		{99FC98EF-B7E5-4E09-9D9F-433BF4006A7F}.Debug|Any CPU.Build.0 = Debug|Any CPU
		{99FC98EF-B7E5-4E09-9D9F-433BF4006A7F}.Release|Any CPU.ActiveCfg = Release|Any CPU
		{99FC98EF-B7E5-4E09-9D9F-433BF4006A7F}.Release|Any CPU.Build.0 = Release|Any CPU
		{5490FBEF-5498-4469-97F5-FEDDE3A3DD59}.Debug|Any CPU.ActiveCfg = Debug|Any CPU
		{5490FBEF-5498-4469-97F5-FEDDE3A3DD59}.Debug|Any CPU.Build.0 = Debug|Any CPU
		{5490FBEF-5498-4469-97F5-FEDDE3A3DD59}.Release|Any CPU.ActiveCfg = Release|Any CPU
		{5490FBEF-5498-4469-97F5-FEDDE3A3DD59}.Release|Any CPU.Build.0 = Release|Any CPU
		{F92F6BBC-9AD6-4EA1-B9ED-97EA261BDF1D}.Debug|Any CPU.ActiveCfg = Debug|Any CPU
		{F92F6BBC-9AD6-4EA1-B9ED-97EA261BDF1D}.Debug|Any CPU.Build.0 = Debug|Any CPU
		{F92F6BBC-9AD6-4EA1-B9ED-97EA261BDF1D}.Release|Any CPU.ActiveCfg = Release|Any CPU
		{F92F6BBC-9AD6-4EA1-B9ED-97EA261BDF1D}.Release|Any CPU.Build.0 = Release|Any CPU
		{CB4BB127-5748-4380-80D6-533F462A0451}.Debug|Any CPU.ActiveCfg = Debug|Any CPU
		{CB4BB127-5748-4380-80D6-533F462A0451}.Debug|Any CPU.Build.0 = Debug|Any CPU
		{CB4BB127-5748-4380-80D6-533F462A0451}.Release|Any CPU.ActiveCfg = Release|Any CPU
		{CB4BB127-5748-4380-80D6-533F462A0451}.Release|Any CPU.Build.0 = Release|Any CPU
		{6C3CC9F3-8A57-453A-8A1A-7E4853A45A58}.Debug|Any CPU.ActiveCfg = Debug|Any CPU
		{6C3CC9F3-8A57-453A-8A1A-7E4853A45A58}.Debug|Any CPU.Build.0 = Debug|Any CPU
		{6C3CC9F3-8A57-453A-8A1A-7E4853A45A58}.Release|Any CPU.ActiveCfg = Release|Any CPU
		{6C3CC9F3-8A57-453A-8A1A-7E4853A45A58}.Release|Any CPU.Build.0 = Release|Any CPU
		{2D844829-C3F6-453A-9FA6-5B1627936395}.Debug|Any CPU.ActiveCfg = Debug|Any CPU
		{2D844829-C3F6-453A-9FA6-5B1627936395}.Debug|Any CPU.Build.0 = Debug|Any CPU
		{2D844829-C3F6-453A-9FA6-5B1627936395}.Release|Any CPU.ActiveCfg = Release|Any CPU
		{2D844829-C3F6-453A-9FA6-5B1627936395}.Release|Any CPU.Build.0 = Release|Any CPU
		{BF286988-0ACD-40C0-908B-BB2E9A1D9830}.Debug|Any CPU.ActiveCfg = Debug|Any CPU
		{BF286988-0ACD-40C0-908B-BB2E9A1D9830}.Debug|Any CPU.Build.0 = Debug|Any CPU
		{BF286988-0ACD-40C0-908B-BB2E9A1D9830}.Release|Any CPU.ActiveCfg = Release|Any CPU
		{BF286988-0ACD-40C0-908B-BB2E9A1D9830}.Release|Any CPU.Build.0 = Release|Any CPU
	EndGlobalSection
	GlobalSection(SolutionProperties) = preSolution
		HideSolutionNode = FALSE
	EndGlobalSection
	GlobalSection(ExtensibilityGlobals) = postSolution
		SolutionGuid = {24DCD944-949D-4A94-A612-60FD8E75BC40}
	EndGlobalSection
EndGlobal
